// !$*UTF8*$!
{
	archiveVersion = 1;
	classes = {
	};
	objectVersion = 48;
	objects = {

/* Begin PBXBuildFile section */
		984AC0A721CA8F260082B0BE /* AppStoreUpdateKit.framework in Frameworks */ = {isa = PBXBuildFile; fileRef = 98DF3DA621C9FD3C008515B7 /* AppStoreUpdateKit.framework */; };
		984AC0B221CB87700082B0BE /* ASUButton.h in Headers */ = {isa = PBXBuildFile; fileRef = 984AC0B021CB87700082B0BE /* ASUButton.h */; };
		984AC0B321CB87700082B0BE /* ASUButton.m in Sources */ = {isa = PBXBuildFile; fileRef = 984AC0B121CB87700082B0BE /* ASUButton.m */; };
		984AC0B921CBCFCA0082B0BE /* ASUView.h in Headers */ = {isa = PBXBuildFile; fileRef = 984AC0B721CBCFCA0082B0BE /* ASUView.h */; };
		984AC0BA21CBCFCA0082B0BE /* ASUView.m in Sources */ = {isa = PBXBuildFile; fileRef = 984AC0B821CBCFCA0082B0BE /* ASUView.m */; };
		98DF3DAB21C9FD3C008515B7 /* AppStoreUpdateKit.h in Headers */ = {isa = PBXBuildFile; fileRef = 98DF3DA921C9FD3C008515B7 /* AppStoreUpdateKit.h */; settings = {ATTRIBUTES = (Public, ); }; };
		98DF3DB321C9FEFB008515B7 /* AppStoreUpdateWindowController.h in Headers */ = {isa = PBXBuildFile; fileRef = 98DF3DB121C9FEFB008515B7 /* AppStoreUpdateWindowController.h */; };
		98DF3DB421C9FEFB008515B7 /* AppStoreUpdateWindowController.m in Sources */ = {isa = PBXBuildFile; fileRef = 98DF3DB221C9FEFB008515B7 /* AppStoreUpdateWindowController.m */; };
		98DF3DBD21C9FF1B008515B7 /* AppDelegate.m in Sources */ = {isa = PBXBuildFile; fileRef = 98DF3DBC21C9FF1B008515B7 /* AppDelegate.m */; };
		98DF3DBF21C9FF22008515B7 /* Assets.xcassets in Resources */ = {isa = PBXBuildFile; fileRef = 98DF3DBE21C9FF22008515B7 /* Assets.xcassets */; };
		98DF3DC221C9FF22008515B7 /* MainMenu.xib in Resources */ = {isa = PBXBuildFile; fileRef = 98DF3DC021C9FF22008515B7 /* MainMenu.xib */; };
		98DF3DC521C9FF22008515B7 /* main.m in Sources */ = {isa = PBXBuildFile; fileRef = 98DF3DC421C9FF22008515B7 /* main.m */; };
		98DF3DD021CA0108008515B7 /* AppStoreUpdateManager.h in Headers */ = {isa = PBXBuildFile; fileRef = 98DF3DCE21CA0108008515B7 /* AppStoreUpdateManager.h */; settings = {ATTRIBUTES = (Public, ); }; };
		98DF3DD121CA0108008515B7 /* AppStoreUpdateManager.m in Sources */ = {isa = PBXBuildFile; fileRef = 98DF3DCF21CA0108008515B7 /* AppStoreUpdateManager.m */; };
		98DF3DD421CA0D3C008515B7 /* AppStoreUpdateAppObject.h in Headers */ = {isa = PBXBuildFile; fileRef = 98DF3DD221CA0D3B008515B7 /* AppStoreUpdateAppObject.h */; settings = {ATTRIBUTES = (Public, ); }; };
		98DF3DD521CA0D3C008515B7 /* AppStoreUpdateAppObject.m in Sources */ = {isa = PBXBuildFile; fileRef = 98DF3DD321CA0D3C008515B7 /* AppStoreUpdateAppObject.m */; };
/* End PBXBuildFile section */

/* Begin PBXFileReference section */
		984AC0B021CB87700082B0BE /* ASUButton.h */ = {isa = PBXFileReference; lastKnownFileType = sourcecode.c.h; path = ASUButton.h; sourceTree = "<group>"; };
		984AC0B121CB87700082B0BE /* ASUButton.m */ = {isa = PBXFileReference; lastKnownFileType = sourcecode.c.objc; path = ASUButton.m; sourceTree = "<group>"; };
		984AC0B721CBCFCA0082B0BE /* ASUView.h */ = {isa = PBXFileReference; lastKnownFileType = sourcecode.c.h; path = ASUView.h; sourceTree = "<group>"; };
		984AC0B821CBCFCA0082B0BE /* ASUView.m */ = {isa = PBXFileReference; lastKnownFileType = sourcecode.c.objc; path = ASUView.m; sourceTree = "<group>"; };
		98DF3DA621C9FD3C008515B7 /* AppStoreUpdateKit.framework */ = {isa = PBXFileReference; explicitFileType = wrapper.framework; includeInIndex = 0; path = AppStoreUpdateKit.framework; sourceTree = BUILT_PRODUCTS_DIR; };
		98DF3DA921C9FD3C008515B7 /* AppStoreUpdateKit.h */ = {isa = PBXFileReference; lastKnownFileType = sourcecode.c.h; path = AppStoreUpdateKit.h; sourceTree = "<group>"; };
		98DF3DAA21C9FD3C008515B7 /* Info.plist */ = {isa = PBXFileReference; lastKnownFileType = text.plist.xml; path = Info.plist; sourceTree = "<group>"; };
		98DF3DB121C9FEFB008515B7 /* AppStoreUpdateWindowController.h */ = {isa = PBXFileReference; lastKnownFileType = sourcecode.c.h; path = AppStoreUpdateWindowController.h; sourceTree = "<group>"; };
		98DF3DB221C9FEFB008515B7 /* AppStoreUpdateWindowController.m */ = {isa = PBXFileReference; lastKnownFileType = sourcecode.c.objc; path = AppStoreUpdateWindowController.m; sourceTree = "<group>"; };
		98DF3DB921C9FF1B008515B7 /* AppStoreUpdateKitDemo.app */ = {isa = PBXFileReference; explicitFileType = wrapper.application; includeInIndex = 0; path = AppStoreUpdateKitDemo.app; sourceTree = BUILT_PRODUCTS_DIR; };
		98DF3DBB21C9FF1B008515B7 /* AppDelegate.h */ = {isa = PBXFileReference; lastKnownFileType = sourcecode.c.h; path = AppDelegate.h; sourceTree = "<group>"; };
		98DF3DBC21C9FF1B008515B7 /* AppDelegate.m */ = {isa = PBXFileReference; lastKnownFileType = sourcecode.c.objc; path = AppDelegate.m; sourceTree = "<group>"; };
		98DF3DBE21C9FF22008515B7 /* Assets.xcassets */ = {isa = PBXFileReference; lastKnownFileType = folder.assetcatalog; path = Assets.xcassets; sourceTree = "<group>"; };
		98DF3DC121C9FF22008515B7 /* Base */ = {isa = PBXFileReference; lastKnownFileType = file.xib; name = Base; path = Base.lproj/MainMenu.xib; sourceTree = "<group>"; };
		98DF3DC321C9FF22008515B7 /* Info.plist */ = {isa = PBXFileReference; lastKnownFileType = text.plist.xml; path = Info.plist; sourceTree = "<group>"; };
		98DF3DC421C9FF22008515B7 /* main.m */ = {isa = PBXFileReference; lastKnownFileType = sourcecode.c.objc; path = main.m; sourceTree = "<group>"; };
		98DF3DC621C9FF22008515B7 /* AppStoreUpdateKitDemo.entitlements */ = {isa = PBXFileReference; lastKnownFileType = text.plist.entitlements; path = AppStoreUpdateKitDemo.entitlements; sourceTree = "<group>"; };
		98DF3DCE21CA0108008515B7 /* AppStoreUpdateManager.h */ = {isa = PBXFileReference; lastKnownFileType = sourcecode.c.h; path = AppStoreUpdateManager.h; sourceTree = "<group>"; };
		98DF3DCF21CA0108008515B7 /* AppStoreUpdateManager.m */ = {isa = PBXFileReference; lastKnownFileType = sourcecode.c.objc; path = AppStoreUpdateManager.m; sourceTree = "<group>"; };
		98DF3DD221CA0D3B008515B7 /* AppStoreUpdateAppObject.h */ = {isa = PBXFileReference; lastKnownFileType = sourcecode.c.h; path = AppStoreUpdateAppObject.h; sourceTree = "<group>"; };
		98DF3DD321CA0D3C008515B7 /* AppStoreUpdateAppObject.m */ = {isa = PBXFileReference; lastKnownFileType = sourcecode.c.objc; path = AppStoreUpdateAppObject.m; sourceTree = "<group>"; };
/* End PBXFileReference section */

/* Begin PBXFrameworksBuildPhase section */
		98DF3DA321C9FD3C008515B7 /* Frameworks */ = {
			isa = PBXFrameworksBuildPhase;
			buildActionMask = 2147483647;
			files = (
			);
			runOnlyForDeploymentPostprocessing = 0;
		};
		98DF3DB621C9FF1B008515B7 /* Frameworks */ = {
			isa = PBXFrameworksBuildPhase;
			buildActionMask = 2147483647;
			files = (
				984AC0A721CA8F260082B0BE /* AppStoreUpdateKit.framework in Frameworks */,
			);
			runOnlyForDeploymentPostprocessing = 0;
		};
/* End PBXFrameworksBuildPhase section */

/* Begin PBXGroup section */
		984AC0A621CA8F260082B0BE /* Frameworks */ = {
			isa = PBXGroup;
			children = (
			);
			name = Frameworks;
			sourceTree = "<group>";
		};
		984AC0AE21CB86540082B0BE /* Custom */ = {
			isa = PBXGroup;
			children = (
				984AC0B021CB87700082B0BE /* ASUButton.h */,
				984AC0B121CB87700082B0BE /* ASUButton.m */,
				984AC0B721CBCFCA0082B0BE /* ASUView.h */,
				984AC0B821CBCFCA0082B0BE /* ASUView.m */,
			);
			name = Custom;
			sourceTree = "<group>";
		};
		98DF3D9C21C9FD3C008515B7 = {
			isa = PBXGroup;
			children = (
				98DF3DA821C9FD3C008515B7 /* AppStoreUpdateKit */,
				98DF3DBA21C9FF1B008515B7 /* AppStoreUpdateKitDemo */,
				98DF3DA721C9FD3C008515B7 /* Products */,
				984AC0A621CA8F260082B0BE /* Frameworks */,
			);
			sourceTree = "<group>";
		};
		98DF3DA721C9FD3C008515B7 /* Products */ = {
			isa = PBXGroup;
			children = (
				98DF3DA621C9FD3C008515B7 /* AppStoreUpdateKit.framework */,
				98DF3DB921C9FF1B008515B7 /* AppStoreUpdateKitDemo.app */,
			);
			name = Products;
			sourceTree = "<group>";
		};
		98DF3DA821C9FD3C008515B7 /* AppStoreUpdateKit */ = {
			isa = PBXGroup;
			children = (
				984AC0AE21CB86540082B0BE /* Custom */,
				98DF3DA921C9FD3C008515B7 /* AppStoreUpdateKit.h */,
				98DF3DD221CA0D3B008515B7 /* AppStoreUpdateAppObject.h */,
				98DF3DD321CA0D3C008515B7 /* AppStoreUpdateAppObject.m */,
				98DF3DCE21CA0108008515B7 /* AppStoreUpdateManager.h */,
				98DF3DCF21CA0108008515B7 /* AppStoreUpdateManager.m */,
				98DF3DB121C9FEFB008515B7 /* AppStoreUpdateWindowController.h */,
				98DF3DB221C9FEFB008515B7 /* AppStoreUpdateWindowController.m */,
				98DF3DAA21C9FD3C008515B7 /* Info.plist */,
			);
			path = AppStoreUpdateKit;
			sourceTree = "<group>";
		};
		98DF3DBA21C9FF1B008515B7 /* AppStoreUpdateKitDemo */ = {
			isa = PBXGroup;
			children = (
				98DF3DBB21C9FF1B008515B7 /* AppDelegate.h */,
				98DF3DBC21C9FF1B008515B7 /* AppDelegate.m */,
				98DF3DBE21C9FF22008515B7 /* Assets.xcassets */,
				98DF3DC021C9FF22008515B7 /* MainMenu.xib */,
				98DF3DC321C9FF22008515B7 /* Info.plist */,
				98DF3DC421C9FF22008515B7 /* main.m */,
				98DF3DC621C9FF22008515B7 /* AppStoreUpdateKitDemo.entitlements */,
			);
			path = AppStoreUpdateKitDemo;
			sourceTree = "<group>";
		};
/* End PBXGroup section */

/* Begin PBXHeadersBuildPhase section */
		98DF3DA121C9FD3C008515B7 /* Headers */ = {
			isa = PBXHeadersBuildPhase;
			buildActionMask = 2147483647;
			files = (
				98DF3DD421CA0D3C008515B7 /* AppStoreUpdateAppObject.h in Headers */,
				984AC0B221CB87700082B0BE /* ASUButton.h in Headers */,
				98DF3DD021CA0108008515B7 /* AppStoreUpdateManager.h in Headers */,
				984AC0B921CBCFCA0082B0BE /* ASUView.h in Headers */,
				98DF3DB321C9FEFB008515B7 /* AppStoreUpdateWindowController.h in Headers */,
				98DF3DAB21C9FD3C008515B7 /* AppStoreUpdateKit.h in Headers */,
			);
			runOnlyForDeploymentPostprocessing = 0;
		};
/* End PBXHeadersBuildPhase section */

/* Begin PBXNativeTarget section */
		98DF3DA521C9FD3C008515B7 /* AppStoreUpdateKit */ = {
			isa = PBXNativeTarget;
			buildConfigurationList = 98DF3DAE21C9FD3C008515B7 /* Build configuration list for PBXNativeTarget "AppStoreUpdateKit" */;
			buildPhases = (
				98DF3DA121C9FD3C008515B7 /* Headers */,
				98DF3DA221C9FD3C008515B7 /* Sources */,
				98DF3DA321C9FD3C008515B7 /* Frameworks */,
				98DF3DA421C9FD3C008515B7 /* Resources */,
			);
			buildRules = (
			);
			dependencies = (
			);
			name = AppStoreUpdateKit;
			productName = AppStoreUpdateKit;
			productReference = 98DF3DA621C9FD3C008515B7 /* AppStoreUpdateKit.framework */;
			productType = "com.apple.product-type.framework";
		};
		98DF3DB821C9FF1B008515B7 /* AppStoreUpdateKitDemo */ = {
			isa = PBXNativeTarget;
			buildConfigurationList = 98DF3DC721C9FF22008515B7 /* Build configuration list for PBXNativeTarget "AppStoreUpdateKitDemo" */;
			buildPhases = (
				98DF3DB521C9FF1B008515B7 /* Sources */,
				98DF3DB621C9FF1B008515B7 /* Frameworks */,
				98DF3DB721C9FF1B008515B7 /* Resources */,
			);
			buildRules = (
			);
			dependencies = (
			);
			name = AppStoreUpdateKitDemo;
			productName = AppStoreUpdateKitDemo;
			productReference = 98DF3DB921C9FF1B008515B7 /* AppStoreUpdateKitDemo.app */;
			productType = "com.apple.product-type.application";
		};
/* End PBXNativeTarget section */

/* Begin PBXProject section */
		98DF3D9D21C9FD3C008515B7 /* Project object */ = {
			isa = PBXProject;
			attributes = {
				LastUpgradeCheck = 1010;
				ORGANIZATIONNAME = Jovi;
				TargetAttributes = {
					98DF3DA521C9FD3C008515B7 = {
						CreatedOnToolsVersion = 10.1;
						ProvisioningStyle = Automatic;
					};
					98DF3DB821C9FF1B008515B7 = {
						CreatedOnToolsVersion = 10.1;
						ProvisioningStyle = Automatic;
						SystemCapabilities = {
							com.apple.Sandbox = {
								enabled = 1;
							};
						};
					};
				};
			};
			buildConfigurationList = 98DF3DA021C9FD3C008515B7 /* Build configuration list for PBXProject "AppStoreUpdateKit" */;
			compatibilityVersion = "Xcode 8.0";
			developmentRegion = en;
			hasScannedForEncodings = 0;
			knownRegions = (
				en,
				Base,
			);
			mainGroup = 98DF3D9C21C9FD3C008515B7;
			productRefGroup = 98DF3DA721C9FD3C008515B7 /* Products */;
			projectDirPath = "";
			projectRoot = "";
			targets = (
				98DF3DA521C9FD3C008515B7 /* AppStoreUpdateKit */,
				98DF3DB821C9FF1B008515B7 /* AppStoreUpdateKitDemo */,
			);
		};
/* End PBXProject section */

/* Begin PBXResourcesBuildPhase section */
		98DF3DA421C9FD3C008515B7 /* Resources */ = {
			isa = PBXResourcesBuildPhase;
			buildActionMask = 2147483647;
			files = (
			);
			runOnlyForDeploymentPostprocessing = 0;
		};
		98DF3DB721C9FF1B008515B7 /* Resources */ = {
			isa = PBXResourcesBuildPhase;
			buildActionMask = 2147483647;
			files = (
				98DF3DBF21C9FF22008515B7 /* Assets.xcassets in Resources */,
				98DF3DC221C9FF22008515B7 /* MainMenu.xib in Resources */,
			);
			runOnlyForDeploymentPostprocessing = 0;
		};
/* End PBXResourcesBuildPhase section */

/* Begin PBXSourcesBuildPhase section */
		98DF3DA221C9FD3C008515B7 /* Sources */ = {
			isa = PBXSourcesBuildPhase;
			buildActionMask = 2147483647;
			files = (
				98DF3DB421C9FEFB008515B7 /* AppStoreUpdateWindowController.m in Sources */,
				98DF3DD521CA0D3C008515B7 /* AppStoreUpdateAppObject.m in Sources */,
				984AC0BA21CBCFCA0082B0BE /* ASUView.m in Sources */,
				98DF3DD121CA0108008515B7 /* AppStoreUpdateManager.m in Sources */,
				984AC0B321CB87700082B0BE /* ASUButton.m in Sources */,
			);
			runOnlyForDeploymentPostprocessing = 0;
		};
		98DF3DB521C9FF1B008515B7 /* Sources */ = {
			isa = PBXSourcesBuildPhase;
			buildActionMask = 2147483647;
			files = (
				98DF3DC521C9FF22008515B7 /* main.m in Sources */,
				98DF3DBD21C9FF1B008515B7 /* AppDelegate.m in Sources */,
			);
			runOnlyForDeploymentPostprocessing = 0;
		};
/* End PBXSourcesBuildPhase section */

/* Begin PBXVariantGroup section */
		98DF3DC021C9FF22008515B7 /* MainMenu.xib */ = {
			isa = PBXVariantGroup;
			children = (
				98DF3DC121C9FF22008515B7 /* Base */,
			);
			name = MainMenu.xib;
			sourceTree = "<group>";
		};
/* End PBXVariantGroup section */

/* Begin XCBuildConfiguration section */
		98DF3DAC21C9FD3C008515B7 /* Debug */ = {
			isa = XCBuildConfiguration;
			buildSettings = {
				ALWAYS_SEARCH_USER_PATHS = NO;
				CLANG_ANALYZER_NONNULL = YES;
				CLANG_ANALYZER_NUMBER_OBJECT_CONVERSION = YES_AGGRESSIVE;
				CLANG_CXX_LANGUAGE_STANDARD = "gnu++14";
				CLANG_CXX_LIBRARY = "libc++";
				CLANG_ENABLE_MODULES = YES;
				CLANG_ENABLE_OBJC_ARC = YES;
				CLANG_ENABLE_OBJC_WEAK = YES;
				CLANG_WARN_BLOCK_CAPTURE_AUTORELEASING = YES;
				CLANG_WARN_BOOL_CONVERSION = YES;
				CLANG_WARN_COMMA = YES;
				CLANG_WARN_CONSTANT_CONVERSION = YES;
				CLANG_WARN_DEPRECATED_OBJC_IMPLEMENTATIONS = YES;
				CLANG_WARN_DIRECT_OBJC_ISA_USAGE = YES_ERROR;
				CLANG_WARN_DOCUMENTATION_COMMENTS = YES;
				CLANG_WARN_EMPTY_BODY = YES;
				CLANG_WARN_ENUM_CONVERSION = YES;
				CLANG_WARN_INFINITE_RECURSION = YES;
				CLANG_WARN_INT_CONVERSION = YES;
				CLANG_WARN_NON_LITERAL_NULL_CONVERSION = YES;
				CLANG_WARN_OBJC_IMPLICIT_RETAIN_SELF = YES;
				CLANG_WARN_OBJC_LITERAL_CONVERSION = YES;
				CLANG_WARN_OBJC_ROOT_CLASS = YES_ERROR;
				CLANG_WARN_RANGE_LOOP_ANALYSIS = YES;
				CLANG_WARN_STRICT_PROTOTYPES = YES;
				CLANG_WARN_SUSPICIOUS_MOVE = YES;
				CLANG_WARN_UNGUARDED_AVAILABILITY = YES_AGGRESSIVE;
				CLANG_WARN_UNREACHABLE_CODE = YES;
				CLANG_WARN__DUPLICATE_METHOD_MATCH = YES;
				CODE_SIGN_IDENTITY = "Mac Developer";
				COPY_PHASE_STRIP = NO;
				CURRENT_PROJECT_VERSION = 1;
				DEBUG_INFORMATION_FORMAT = dwarf;
				ENABLE_STRICT_OBJC_MSGSEND = YES;
				ENABLE_TESTABILITY = YES;
				GCC_C_LANGUAGE_STANDARD = gnu11;
				GCC_DYNAMIC_NO_PIC = NO;
				GCC_NO_COMMON_BLOCKS = YES;
				GCC_OPTIMIZATION_LEVEL = 0;
				GCC_PREPROCESSOR_DEFINITIONS = (
					"DEBUG=1",
					"$(inherited)",
				);
				GCC_WARN_64_TO_32_BIT_CONVERSION = YES;
				GCC_WARN_ABOUT_RETURN_TYPE = YES_ERROR;
				GCC_WARN_UNDECLARED_SELECTOR = YES;
				GCC_WARN_UNINITIALIZED_AUTOS = YES_AGGRESSIVE;
				GCC_WARN_UNUSED_FUNCTION = YES;
				GCC_WARN_UNUSED_VARIABLE = YES;
				MACOSX_DEPLOYMENT_TARGET = 10.14;
				MTL_ENABLE_DEBUG_INFO = INCLUDE_SOURCE;
				MTL_FAST_MATH = YES;
				ONLY_ACTIVE_ARCH = YES;
				SDKROOT = macosx;
				VERSIONING_SYSTEM = "apple-generic";
				VERSION_INFO_PREFIX = "";
			};
			name = Debug;
		};
		98DF3DAD21C9FD3C008515B7 /* Release */ = {
			isa = XCBuildConfiguration;
			buildSettings = {
				ALWAYS_SEARCH_USER_PATHS = NO;
				CLANG_ANALYZER_NONNULL = YES;
				CLANG_ANALYZER_NUMBER_OBJECT_CONVERSION = YES_AGGRESSIVE;
				CLANG_CXX_LANGUAGE_STANDARD = "gnu++14";
				CLANG_CXX_LIBRARY = "libc++";
				CLANG_ENABLE_MODULES = YES;
				CLANG_ENABLE_OBJC_ARC = YES;
				CLANG_ENABLE_OBJC_WEAK = YES;
				CLANG_WARN_BLOCK_CAPTURE_AUTORELEASING = YES;
				CLANG_WARN_BOOL_CONVERSION = YES;
				CLANG_WARN_COMMA = YES;
				CLANG_WARN_CONSTANT_CONVERSION = YES;
				CLANG_WARN_DEPRECATED_OBJC_IMPLEMENTATIONS = YES;
				CLANG_WARN_DIRECT_OBJC_ISA_USAGE = YES_ERROR;
				CLANG_WARN_DOCUMENTATION_COMMENTS = YES;
				CLANG_WARN_EMPTY_BODY = YES;
				CLANG_WARN_ENUM_CONVERSION = YES;
				CLANG_WARN_INFINITE_RECURSION = YES;
				CLANG_WARN_INT_CONVERSION = YES;
				CLANG_WARN_NON_LITERAL_NULL_CONVERSION = YES;
				CLANG_WARN_OBJC_IMPLICIT_RETAIN_SELF = YES;
				CLANG_WARN_OBJC_LITERAL_CONVERSION = YES;
				CLANG_WARN_OBJC_ROOT_CLASS = YES_ERROR;
				CLANG_WARN_RANGE_LOOP_ANALYSIS = YES;
				CLANG_WARN_STRICT_PROTOTYPES = YES;
				CLANG_WARN_SUSPICIOUS_MOVE = YES;
				CLANG_WARN_UNGUARDED_AVAILABILITY = YES_AGGRESSIVE;
				CLANG_WARN_UNREACHABLE_CODE = YES;
				CLANG_WARN__DUPLICATE_METHOD_MATCH = YES;
				CODE_SIGN_IDENTITY = "Mac Developer";
				COPY_PHASE_STRIP = NO;
				CURRENT_PROJECT_VERSION = 1;
				DEBUG_INFORMATION_FORMAT = "dwarf-with-dsym";
				ENABLE_NS_ASSERTIONS = NO;
				ENABLE_STRICT_OBJC_MSGSEND = YES;
				GCC_C_LANGUAGE_STANDARD = gnu11;
				GCC_NO_COMMON_BLOCKS = YES;
				GCC_WARN_64_TO_32_BIT_CONVERSION = YES;
				GCC_WARN_ABOUT_RETURN_TYPE = YES_ERROR;
				GCC_WARN_UNDECLARED_SELECTOR = YES;
				GCC_WARN_UNINITIALIZED_AUTOS = YES_AGGRESSIVE;
				GCC_WARN_UNUSED_FUNCTION = YES;
				GCC_WARN_UNUSED_VARIABLE = YES;
				MACOSX_DEPLOYMENT_TARGET = 10.14;
				MTL_ENABLE_DEBUG_INFO = NO;
				MTL_FAST_MATH = YES;
				SDKROOT = macosx;
				VERSIONING_SYSTEM = "apple-generic";
				VERSION_INFO_PREFIX = "";
			};
			name = Release;
		};
		98DF3DAF21C9FD3C008515B7 /* Debug */ = {
			isa = XCBuildConfiguration;
			buildSettings = {
				CODE_SIGN_IDENTITY = "";
				CODE_SIGN_STYLE = Automatic;
				COMBINE_HIDPI_IMAGES = YES;
				CONFIGURATION_BUILD_DIR = "$(BUILD_DIR)/Output";
				DEFINES_MODULE = YES;
				DEVELOPMENT_TEAM = 9P895LY647;
				DYLIB_COMPATIBILITY_VERSION = 1;
				DYLIB_CURRENT_VERSION = 1;
				DYLIB_INSTALL_NAME_BASE = "@rpath";
				FRAMEWORK_VERSION = A;
				INFOPLIST_FILE = AppStoreUpdateKit/Info.plist;
				INSTALL_PATH = "$(LOCAL_LIBRARY_DIR)/Frameworks";
				LD_RUNPATH_SEARCH_PATHS = "$(inherited) @executable_path/../Frameworks @loader_path/Frameworks";
				MACH_O_TYPE = staticlib;
				MACOSX_DEPLOYMENT_TARGET = 10.10;
				ONLY_ACTIVE_ARCH = YES;
				PRODUCT_BUNDLE_IDENTIFIER = com.HyperartFlow.AppStoreUpdateKit;
				PRODUCT_NAME = "$(TARGET_NAME:c99extidentifier)";
				SKIP_INSTALL = YES;
			};
			name = Debug;
		};
		98DF3DB021C9FD3C008515B7 /* Release */ = {
			isa = XCBuildConfiguration;
			buildSettings = {
				CODE_SIGN_IDENTITY = "";
				CODE_SIGN_STYLE = Automatic;
				COMBINE_HIDPI_IMAGES = YES;
				CONFIGURATION_BUILD_DIR = "$(BUILD_DIR)/Output";
				DEFINES_MODULE = YES;
				DEVELOPMENT_TEAM = 9P895LY647;
				DYLIB_COMPATIBILITY_VERSION = 1;
				DYLIB_CURRENT_VERSION = 1;
				DYLIB_INSTALL_NAME_BASE = "@rpath";
				FRAMEWORK_VERSION = A;
				INFOPLIST_FILE = AppStoreUpdateKit/Info.plist;
				INSTALL_PATH = "$(LOCAL_LIBRARY_DIR)/Frameworks";
				LD_RUNPATH_SEARCH_PATHS = "$(inherited) @executable_path/../Frameworks @loader_path/Frameworks";
				MACH_O_TYPE = staticlib;
				MACOSX_DEPLOYMENT_TARGET = 10.10;
				ONLY_ACTIVE_ARCH = YES;
				PRODUCT_BUNDLE_IDENTIFIER = com.HyperartFlow.AppStoreUpdateKit;
				PRODUCT_NAME = "$(TARGET_NAME:c99extidentifier)";
				SKIP_INSTALL = YES;
			};
			name = Release;
		};
		98DF3DC821C9FF22008515B7 /* Debug */ = {
			isa = XCBuildConfiguration;
			buildSettings = {
				ASSETCATALOG_COMPILER_APPICON_NAME = AppIcon;
				CODE_SIGN_ENTITLEMENTS = AppStoreUpdateKitDemo/AppStoreUpdateKitDemo.entitlements;
				CODE_SIGN_STYLE = Automatic;
				COMBINE_HIDPI_IMAGES = YES;
				CONFIGURATION_BUILD_DIR = "$(BUILD_DIR)/Output";
				DEVELOPMENT_TEAM = 9P895LY647;
				INFOPLIST_FILE = AppStoreUpdateKitDemo/Info.plist;
				LD_RUNPATH_SEARCH_PATHS = "$(inherited) @executable_path/../Frameworks";
				PRODUCT_BUNDLE_IDENTIFIER = com.HyperartFlow.AppStoreUpdateKitDemo;
				PRODUCT_NAME = "$(TARGET_NAME)";
			};
			name = Debug;
		};
		98DF3DC921C9FF22008515B7 /* Release */ = {
			isa = XCBuildConfiguration;
			buildSettings = {
				ASSETCATALOG_COMPILER_APPICON_NAME = AppIcon;
				CODE_SIGN_ENTITLEMENTS = AppStoreUpdateKitDemo/AppStoreUpdateKitDemo.entitlements;
				CODE_SIGN_STYLE = Automatic;
				COMBINE_HIDPI_IMAGES = YES;
				CONFIGURATION_BUILD_DIR = "$(BUILD_DIR)/Output";
				DEVELOPMENT_TEAM = 9P895LY647;
				INFOPLIST_FILE = AppStoreUpdateKitDemo/Info.plist;
				LD_RUNPATH_SEARCH_PATHS = "$(inherited) @executable_path/../Frameworks";
				PRODUCT_BUNDLE_IDENTIFIER = com.HyperartFlow.AppStoreUpdateKitDemo;
				PRODUCT_NAME = "$(TARGET_NAME)";
			};
			name = Release;
		};
/* End XCBuildConfiguration section */

/* Begin XCConfigurationList section */
		98DF3DA021C9FD3C008515B7 /* Build configuration list for PBXProject "AppStoreUpdateKit" */ = {
			isa = XCConfigurationList;
			buildConfigurations = (
				98DF3DAC21C9FD3C008515B7 /* Debug */,
				98DF3DAD21C9FD3C008515B7 /* Release */,
			);
			defaultConfigurationIsVisible = 0;
			defaultConfigurationName = Release;
		};
		98DF3DAE21C9FD3C008515B7 /* Build configuration list for PBXNativeTarget "AppStoreUpdateKit" */ = {
			isa = XCConfigurationList;
			buildConfigurations = (
				98DF3DAF21C9FD3C008515B7 /* Debug */,
				98DF3DB021C9FD3C008515B7 /* Release */,
			);
			defaultConfigurationIsVisible = 0;
			defaultConfigurationName = Release;
		};
		98DF3DC721C9FF22008515B7 /* Build configuration list for PBXNativeTarget "AppStoreUpdateKitDemo" */ = {
			isa = XCConfigurationList;
			buildConfigurations = (
				98DF3DC821C9FF22008515B7 /* Debug */,
				98DF3DC921C9FF22008515B7 /* Release */,
			);
			defaultConfigurationIsVisible = 0;
			defaultConfigurationName = Release;
		};
/* End XCConfigurationList section */
	};
	rootObject = 98DF3D9D21C9FD3C008515B7 /* Project object */;
}
